
Microsoft Visual Studio Solution File, Format Version 12.00
# Visual Studio 15
VisualStudioVersion = 15.0.27004.2009
MinimumVisualStudioVersion = 10.0.40219.1
Project("{FAE04EC0-301F-11D3-BF4B-00C04F79EFBC}") = "HackerRank", "HackerRank\HackerRank.csproj", "{CE726BA3-3100-4ACB-A630-66733FB1A229}"
EndProject
Global
	GlobalSection(SolutionConfigurationPlatforms) = preSolution
		Debug|Any CPU = Debug|Any CPU
		Release|Any CPU = Release|Any CPU
	EndGlobalSection
	GlobalSection(ProjectConfigurationPlatforms) = postSolution
		{CE726BA3-3100-4ACB-A630-66733FB1A229}.Debug|Any CPU.ActiveCfg = Debug|Any CPU
		{CE726BA3-3100-4ACB-A630-66733FB1A229}.Debug|Any CPU.Build.0 = Debug|Any CPU
		{CE726BA3-3100-4ACB-A630-66733FB1A229}.Release|Any CPU.ActiveCfg = Release|Any CPU
		{CE726BA3-3100-4ACB-A630-66733FB1A229}.Release|Any CPU.Build.0 = Release|Any CPU
	EndGlobalSection
	GlobalSection(SolutionProperties) = preSolution
		HideSolutionNode = FALSE
	EndGlobalSection
	GlobalSection(ExtensibilityGlobals) = postSolution
		SolutionGuid = {7326D53B-F8DD-42A8-BACB-51AB66DC6C80}
	EndGlobalSection
EndGlobal
